// !$*UTF8*$!
{
	archiveVersion = 1;
	classes = {
	};
	objectVersion = 51;
	objects = {

/* Begin PBXBuildFile section */
		2E3DCEA626E7679100149F59 /* AppDelegate.swift in Sources */ = {isa = PBXBuildFile; fileRef = 2E3DCEA526E7679100149F59 /* AppDelegate.swift */; };
		2E3DCEA826E7679200149F59 /* SceneDelegate.swift in Sources */ = {isa = PBXBuildFile; fileRef = 2E3DCEA726E7679200149F59 /* SceneDelegate.swift */; };
		2E3DCEAD26E7679200149F59 /* Main.storyboard in Resources */ = {isa = PBXBuildFile; fileRef = 2E3DCEAB26E7679200149F59 /* Main.storyboard */; };
		2E3DCEB026E7679200149F59 /* Weather.xcdatamodeld in Sources */ = {isa = PBXBuildFile; fileRef = 2E3DCEAE26E7679200149F59 /* Weather.xcdatamodeld */; };
		2E3DCEB226E7679600149F59 /* Assets.xcassets in Resources */ = {isa = PBXBuildFile; fileRef = 2E3DCEB126E7679600149F59 /* Assets.xcassets */; };
		2E3DCEB526E7679600149F59 /* LaunchScreen.storyboard in Resources */ = {isa = PBXBuildFile; fileRef = 2E3DCEB326E7679600149F59 /* LaunchScreen.storyboard */; };
		2E3DCEBD26E7686B00149F59 /* Extensions.swift in Sources */ = {isa = PBXBuildFile; fileRef = 2E3DCEBC26E7686B00149F59 /* Extensions.swift */; };
		2E3DCEC026E7691400149F59 /* Constants.swift in Sources */ = {isa = PBXBuildFile; fileRef = 2E3DCEBF26E7691400149F59 /* Constants.swift */; };
		2E3DCEC226E771B600149F59 /* HomeWeatherViewController.swift in Sources */ = {isa = PBXBuildFile; fileRef = 2E3DCEC126E771B600149F59 /* HomeWeatherViewController.swift */; };
		2E3DCEC426E773FD00149F59 /* HomeWeatherViewCell.swift in Sources */ = {isa = PBXBuildFile; fileRef = 2E3DCEC326E773FD00149F59 /* HomeWeatherViewCell.swift */; };
		2E3DCEC726E7777500149F59 /* HomeWeatherViewController-API.swift in Sources */ = {isa = PBXBuildFile; fileRef = 2E3DCEC626E7777500149F59 /* HomeWeatherViewController-API.swift */; };
		2E3DCEC926E785B000149F59 /* WeatherInfomation.swift in Sources */ = {isa = PBXBuildFile; fileRef = 2E3DCEC826E785AF00149F59 /* WeatherInfomation.swift */; };
		2E3DCECC26E7862E00149F59 /* Coord.swift in Sources */ = {isa = PBXBuildFile; fileRef = 2E3DCECB26E7862E00149F59 /* Coord.swift */; };
		2E3DCECE26E7864600149F59 /* Weather.swift in Sources */ = {isa = PBXBuildFile; fileRef = 2E3DCECD26E7864600149F59 /* Weather.swift */; };
		2E3DCED026E7865F00149F59 /* Main.swift in Sources */ = {isa = PBXBuildFile; fileRef = 2E3DCECF26E7865F00149F59 /* Main.swift */; };
		2E3DCED226E7866700149F59 /* Wind.swift in Sources */ = {isa = PBXBuildFile; fileRef = 2E3DCED126E7866700149F59 /* Wind.swift */; };
		2E3DCED426E7867D00149F59 /* Clouds.swift in Sources */ = {isa = PBXBuildFile; fileRef = 2E3DCED326E7867D00149F59 /* Clouds.swift */; };
		2E3DCED626E7868900149F59 /* Sys.swift in Sources */ = {isa = PBXBuildFile; fileRef = 2E3DCED526E7868900149F59 /* Sys.swift */; };
		2E3DCEDA26E7890500149F59 /* GroupWeatherInfomation.swift in Sources */ = {isa = PBXBuildFile; fileRef = 2E3DCED926E7890400149F59 /* GroupWeatherInfomation.swift */; };
		2E8413F526E8AB90006DB877 /* DetailViewController.swift in Sources */ = {isa = PBXBuildFile; fileRef = 2E8413F426E8AB90006DB877 /* DetailViewController.swift */; };
		2E8413F826E8D34F006DB877 /* DetailCollectionViewCell.swift in Sources */ = {isa = PBXBuildFile; fileRef = 2E8413F726E8D34F006DB877 /* DetailCollectionViewCell.swift */; };
		2E8413FA26E8EED3006DB877 /* DetailWeatherModel.swift in Sources */ = {isa = PBXBuildFile; fileRef = 2E8413F926E8EED3006DB877 /* DetailWeatherModel.swift */; };
		2E866CBB26E7C0C70048B472 /* WeatherInformationGroupVersion.swift in Sources */ = {isa = PBXBuildFile; fileRef = 2E866CBA26E7C0C70048B472 /* WeatherInformationGroupVersion.swift */; };
		2E866CBD26E7C79E0048B472 /* HomeWeatherViewController-DataSource.swift in Sources */ = {isa = PBXBuildFile; fileRef = 2E866CBC26E7C79E0048B472 /* HomeWeatherViewController-DataSource.swift */; };
		2E866CBF26E845340048B472 /* QueryViewController.swift in Sources */ = {isa = PBXBuildFile; fileRef = 2E866CBE26E845340048B472 /* QueryViewController.swift */; };
		2E866CC326E84C680048B472 /* QueryTableViewCell.swift in Sources */ = {isa = PBXBuildFile; fileRef = 2E866CC226E84C680048B472 /* QueryTableViewCell.swift */; };
		2E866CC726E8584F0048B472 /* CityInfomation.swift in Sources */ = {isa = PBXBuildFile; fileRef = 2E866CC626E8584F0048B472 /* CityInfomation.swift */; };
		2E866CCA26E85B7C0048B472 /* CityList.swift in Sources */ = {isa = PBXBuildFile; fileRef = 2E866CC926E85B7C0048B472 /* CityList.swift */; };
		2E866CCD26E861DA0048B472 /* startCities.json in Resources */ = {isa = PBXBuildFile; fileRef = 2E866CCC26E861DA0048B472 /* startCities.json */; };
		2E866CCF26E864170048B472 /* cityList.json in Resources */ = {isa = PBXBuildFile; fileRef = 2E866CCE26E864170048B472 /* cityList.json */; };
		F92C524038AA575908B673C0 /* Pods_Weather.framework in Frameworks */ = {isa = PBXBuildFile; fileRef = 32D23B74BFDDFE46B8D87E52 /* Pods_Weather.framework */; };
/* End PBXBuildFile section */

/* Begin PBXFileReference section */
		16C6421D9CA4701EDC9F2B2E /* Pods-Weather.release.xcconfig */ = {isa = PBXFileReference; includeInIndex = 1; lastKnownFileType = text.xcconfig; name = "Pods-Weather.release.xcconfig"; path = "Target Support Files/Pods-Weather/Pods-Weather.release.xcconfig"; sourceTree = "<group>"; };
		2E3DCEA226E7679100149F59 /* Weather.app */ = {isa = PBXFileReference; explicitFileType = wrapper.application; includeInIndex = 0; path = Weather.app; sourceTree = BUILT_PRODUCTS_DIR; };
		2E3DCEA526E7679100149F59 /* AppDelegate.swift */ = {isa = PBXFileReference; lastKnownFileType = sourcecode.swift; path = AppDelegate.swift; sourceTree = "<group>"; };
		2E3DCEA726E7679200149F59 /* SceneDelegate.swift */ = {isa = PBXFileReference; lastKnownFileType = sourcecode.swift; path = SceneDelegate.swift; sourceTree = "<group>"; };
		2E3DCEAC26E7679200149F59 /* Base */ = {isa = PBXFileReference; lastKnownFileType = file.storyboard; name = Base; path = Base.lproj/Main.storyboard; sourceTree = "<group>"; };
		2E3DCEAF26E7679200149F59 /* Weather.xcdatamodel */ = {isa = PBXFileReference; lastKnownFileType = wrapper.xcdatamodel; path = Weather.xcdatamodel; sourceTree = "<group>"; };
		2E3DCEB126E7679600149F59 /* Assets.xcassets */ = {isa = PBXFileReference; lastKnownFileType = folder.assetcatalog; path = Assets.xcassets; sourceTree = "<group>"; };
		2E3DCEB426E7679600149F59 /* Base */ = {isa = PBXFileReference; lastKnownFileType = file.storyboard; name = Base; path = Base.lproj/LaunchScreen.storyboard; sourceTree = "<group>"; };
		2E3DCEB626E7679600149F59 /* Info.plist */ = {isa = PBXFileReference; lastKnownFileType = text.plist.xml; path = Info.plist; sourceTree = "<group>"; };
		2E3DCEBC26E7686B00149F59 /* Extensions.swift */ = {isa = PBXFileReference; lastKnownFileType = sourcecode.swift; path = Extensions.swift; sourceTree = "<group>"; };
		2E3DCEBF26E7691400149F59 /* Constants.swift */ = {isa = PBXFileReference; lastKnownFileType = sourcecode.swift; path = Constants.swift; sourceTree = "<group>"; };
		2E3DCEC126E771B600149F59 /* HomeWeatherViewController.swift */ = {isa = PBXFileReference; lastKnownFileType = sourcecode.swift; path = HomeWeatherViewController.swift; sourceTree = "<group>"; };
		2E3DCEC326E773FD00149F59 /* HomeWeatherViewCell.swift */ = {isa = PBXFileReference; lastKnownFileType = sourcecode.swift; path = HomeWeatherViewCell.swift; sourceTree = "<group>"; };
		2E3DCEC626E7777500149F59 /* HomeWeatherViewController-API.swift */ = {isa = PBXFileReference; lastKnownFileType = sourcecode.swift; path = "HomeWeatherViewController-API.swift"; sourceTree = "<group>"; };
		2E3DCEC826E785AF00149F59 /* WeatherInfomation.swift */ = {isa = PBXFileReference; lastKnownFileType = sourcecode.swift; path = WeatherInfomation.swift; sourceTree = "<group>"; };
		2E3DCECB26E7862E00149F59 /* Coord.swift */ = {isa = PBXFileReference; lastKnownFileType = sourcecode.swift; path = Coord.swift; sourceTree = "<group>"; };
		2E3DCECD26E7864600149F59 /* Weather.swift */ = {isa = PBXFileReference; lastKnownFileType = sourcecode.swift; path = Weather.swift; sourceTree = "<group>"; };
		2E3DCECF26E7865F00149F59 /* Main.swift */ = {isa = PBXFileReference; lastKnownFileType = sourcecode.swift; path = Main.swift; sourceTree = "<group>"; };
		2E3DCED126E7866700149F59 /* Wind.swift */ = {isa = PBXFileReference; lastKnownFileType = sourcecode.swift; path = Wind.swift; sourceTree = "<group>"; };
		2E3DCED326E7867D00149F59 /* Clouds.swift */ = {isa = PBXFileReference; lastKnownFileType = sourcecode.swift; path = Clouds.swift; sourceTree = "<group>"; };
		2E3DCED526E7868900149F59 /* Sys.swift */ = {isa = PBXFileReference; lastKnownFileType = sourcecode.swift; path = Sys.swift; sourceTree = "<group>"; };
		2E3DCED926E7890400149F59 /* GroupWeatherInfomation.swift */ = {isa = PBXFileReference; lastKnownFileType = sourcecode.swift; path = GroupWeatherInfomation.swift; sourceTree = "<group>"; };
		2E8413F426E8AB90006DB877 /* DetailViewController.swift */ = {isa = PBXFileReference; lastKnownFileType = sourcecode.swift; path = DetailViewController.swift; sourceTree = "<group>"; };
		2E8413F726E8D34F006DB877 /* DetailCollectionViewCell.swift */ = {isa = PBXFileReference; lastKnownFileType = sourcecode.swift; path = DetailCollectionViewCell.swift; sourceTree = "<group>"; };
		2E8413F926E8EED3006DB877 /* DetailWeatherModel.swift */ = {isa = PBXFileReference; lastKnownFileType = sourcecode.swift; path = DetailWeatherModel.swift; sourceTree = "<group>"; };
		2E866CBA26E7C0C70048B472 /* WeatherInformationGroupVersion.swift */ = {isa = PBXFileReference; lastKnownFileType = sourcecode.swift; path = WeatherInformationGroupVersion.swift; sourceTree = "<group>"; };
		2E866CBC26E7C79E0048B472 /* HomeWeatherViewController-DataSource.swift */ = {isa = PBXFileReference; lastKnownFileType = sourcecode.swift; path = "HomeWeatherViewController-DataSource.swift"; sourceTree = "<group>"; };
		2E866CBE26E845340048B472 /* QueryViewController.swift */ = {isa = PBXFileReference; lastKnownFileType = sourcecode.swift; path = QueryViewController.swift; sourceTree = "<group>"; };
		2E866CC226E84C680048B472 /* QueryTableViewCell.swift */ = {isa = PBXFileReference; lastKnownFileType = sourcecode.swift; path = QueryTableViewCell.swift; sourceTree = "<group>"; };
		2E866CC626E8584F0048B472 /* CityInfomation.swift */ = {isa = PBXFileReference; lastKnownFileType = sourcecode.swift; path = CityInfomation.swift; sourceTree = "<group>"; };
		2E866CC926E85B7C0048B472 /* CityList.swift */ = {isa = PBXFileReference; lastKnownFileType = sourcecode.swift; path = CityList.swift; sourceTree = "<group>"; };
		2E866CCC26E861DA0048B472 /* startCities.json */ = {isa = PBXFileReference; lastKnownFileType = text.json; path = startCities.json; sourceTree = "<group>"; };
		2E866CCE26E864170048B472 /* cityList.json */ = {isa = PBXFileReference; lastKnownFileType = text.json; path = cityList.json; sourceTree = "<group>"; };
		32D23B74BFDDFE46B8D87E52 /* Pods_Weather.framework */ = {isa = PBXFileReference; explicitFileType = wrapper.framework; includeInIndex = 0; path = Pods_Weather.framework; sourceTree = BUILT_PRODUCTS_DIR; };
		97B3AAC678C522BC577870D7 /* Pods-Weather.debug.xcconfig */ = {isa = PBXFileReference; includeInIndex = 1; lastKnownFileType = text.xcconfig; name = "Pods-Weather.debug.xcconfig"; path = "Target Support Files/Pods-Weather/Pods-Weather.debug.xcconfig"; sourceTree = "<group>"; };
/* End PBXFileReference section */

/* Begin PBXFrameworksBuildPhase section */
		2E3DCE9F26E7679100149F59 /* Frameworks */ = {
			isa = PBXFrameworksBuildPhase;
			buildActionMask = 2147483647;
			files = (
				F92C524038AA575908B673C0 /* Pods_Weather.framework in Frameworks */,
			);
			runOnlyForDeploymentPostprocessing = 0;
		};
/* End PBXFrameworksBuildPhase section */

/* Begin PBXGroup section */
		2E3DCE9926E7679100149F59 = {
			isa = PBXGroup;
			children = (
				2E3DCEA426E7679100149F59 /* Weather */,
				2E3DCEA326E7679100149F59 /* Products */,
				642EFEF261BBC364E3E83E1B /* Pods */,
				FAEF8BA57C96A65188C5929A /* Frameworks */,
			);
			sourceTree = "<group>";
		};
		2E3DCEA326E7679100149F59 /* Products */ = {
			isa = PBXGroup;
			children = (
				2E3DCEA226E7679100149F59 /* Weather.app */,
			);
			name = Products;
			sourceTree = "<group>";
		};
		2E3DCEA426E7679100149F59 /* Weather */ = {
			isa = PBXGroup;
			children = (
				2E3DCEA526E7679100149F59 /* AppDelegate.swift */,
				2E3DCEA726E7679200149F59 /* SceneDelegate.swift */,
				2E866CCC26E861DA0048B472 /* startCities.json */,
				2E866CCE26E864170048B472 /* cityList.json */,
				2E3DCECA26E7861000149F59 /* Models */,
				2E3DCEC526E7759200149F59 /* Controllers */,
				2E3DCEAB26E7679200149F59 /* Main.storyboard */,
				2E3DCEB326E7679600149F59 /* LaunchScreen.storyboard */,
				2E3DCEB126E7679600149F59 /* Assets.xcassets */,
				2E3DCEBE26E768F100149F59 /* Common */,
				2E3DCEB626E7679600149F59 /* Info.plist */,
				2E3DCEAE26E7679200149F59 /* Weather.xcdatamodeld */,
			);
			path = Weather;
			sourceTree = "<group>";
		};
		2E3DCEBE26E768F100149F59 /* Common */ = {
			isa = PBXGroup;
			children = (
				2E3DCEBC26E7686B00149F59 /* Extensions.swift */,
				2E3DCEBF26E7691400149F59 /* Constants.swift */,
			);
			path = Common;
			sourceTree = "<group>";
		};
		2E3DCEC526E7759200149F59 /* Controllers */ = {
			isa = PBXGroup;
			children = (
				2E866CC026E845500048B472 /* HomePage */,
				2E866CC126E8456A0048B472 /* QueryPage */,
				2E8413F626E8AB94006DB877 /* DetailPage */,
			);
			path = Controllers;
			sourceTree = "<group>";
		};
		2E3DCECA26E7861000149F59 /* Models */ = {
			isa = PBXGroup;
			children = (
				2E866CC526E8580A0048B472 /* WeatherInfomation */,
				2E866CC826E858680048B472 /* City */,
				2E8413FB26E8EEDB006DB877 /* Detail */,
			);
			path = Models;
			sourceTree = "<group>";
		};
		2E8413F626E8AB94006DB877 /* DetailPage */ = {
			isa = PBXGroup;
			children = (
				2E8413F426E8AB90006DB877 /* DetailViewController.swift */,
				2E8413F726E8D34F006DB877 /* DetailCollectionViewCell.swift */,
			);
			path = DetailPage;
			sourceTree = "<group>";
		};
		2E8413FB26E8EEDB006DB877 /* Detail */ = {
			isa = PBXGroup;
			children = (
				2E8413F926E8EED3006DB877 /* DetailWeatherModel.swift */,
			);
			path = Detail;
			sourceTree = "<group>";
		};
		2E866CC026E845500048B472 /* HomePage */ = {
			isa = PBXGroup;
			children = (
				2E3DCEC126E771B600149F59 /* HomeWeatherViewController.swift */,
				2E866CBC26E7C79E0048B472 /* HomeWeatherViewController-DataSource.swift */,
				2E3DCEC626E7777500149F59 /* HomeWeatherViewController-API.swift */,
				2E3DCEC326E773FD00149F59 /* HomeWeatherViewCell.swift */,
			);
			path = HomePage;
			sourceTree = "<group>";
		};
		2E866CC126E8456A0048B472 /* QueryPage */ = {
			isa = PBXGroup;
			children = (
				2E866CBE26E845340048B472 /* QueryViewController.swift */,
				2E866CC226E84C680048B472 /* QueryTableViewCell.swift */,
			);
			path = QueryPage;
			sourceTree = "<group>";
		};
		2E866CC526E8580A0048B472 /* WeatherInfomation */ = {
			isa = PBXGroup;
			children = (
				2E3DCED926E7890400149F59 /* GroupWeatherInfomation.swift */,
				2E3DCEC826E785AF00149F59 /* WeatherInfomation.swift */,
				2E866CBA26E7C0C70048B472 /* WeatherInformationGroupVersion.swift */,
				2E3DCECB26E7862E00149F59 /* Coord.swift */,
				2E3DCECD26E7864600149F59 /* Weather.swift */,
				2E3DCECF26E7865F00149F59 /* Main.swift */,
				2E3DCED126E7866700149F59 /* Wind.swift */,
				2E3DCED326E7867D00149F59 /* Clouds.swift */,
				2E3DCED526E7868900149F59 /* Sys.swift */,
			);
			path = WeatherInfomation;
			sourceTree = "<group>";
		};
		2E866CC826E858680048B472 /* City */ = {
			isa = PBXGroup;
			children = (
				2E866CC626E8584F0048B472 /* CityInfomation.swift */,
				2E866CC926E85B7C0048B472 /* CityList.swift */,
			);
			path = City;
			sourceTree = "<group>";
		};
		642EFEF261BBC364E3E83E1B /* Pods */ = {
			isa = PBXGroup;
			children = (
				97B3AAC678C522BC577870D7 /* Pods-Weather.debug.xcconfig */,
				16C6421D9CA4701EDC9F2B2E /* Pods-Weather.release.xcconfig */,
			);
			path = Pods;
			sourceTree = "<group>";
		};
		FAEF8BA57C96A65188C5929A /* Frameworks */ = {
			isa = PBXGroup;
			children = (
				32D23B74BFDDFE46B8D87E52 /* Pods_Weather.framework */,
			);
			name = Frameworks;
			sourceTree = "<group>";
		};
/* End PBXGroup section */

/* Begin PBXNativeTarget section */
		2E3DCEA126E7679100149F59 /* Weather */ = {
			isa = PBXNativeTarget;
			buildConfigurationList = 2E3DCEB926E7679600149F59 /* Build configuration list for PBXNativeTarget "Weather" */;
			buildPhases = (
				790098555FA41157F1C9BBD8 /* [CP] Check Pods Manifest.lock */,
				2E3DCE9E26E7679100149F59 /* Sources */,
				2E3DCE9F26E7679100149F59 /* Frameworks */,
				2E3DCEA026E7679100149F59 /* Resources */,
				030AAFC572DC0DF6A312E1F8 /* [CP] Embed Pods Frameworks */,
			);
			buildRules = (
			);
			dependencies = (
			);
			name = Weather;
			productName = Weather;
			productReference = 2E3DCEA226E7679100149F59 /* Weather.app */;
			productType = "com.apple.product-type.application";
		};
/* End PBXNativeTarget section */

/* Begin PBXProject section */
		2E3DCE9A26E7679100149F59 /* Project object */ = {
			isa = PBXProject;
			attributes = {
				LastSwiftUpdateCheck = 1250;
				LastUpgradeCheck = 1250;
				TargetAttributes = {
					2E3DCEA126E7679100149F59 = {
						CreatedOnToolsVersion = 12.5.1;
					};
				};
			};
			buildConfigurationList = 2E3DCE9D26E7679100149F59 /* Build configuration list for PBXProject "Weather" */;
			compatibilityVersion = "Xcode 9.3";
			developmentRegion = en;
			hasScannedForEncodings = 0;
			knownRegions = (
				en,
				Base,
			);
			mainGroup = 2E3DCE9926E7679100149F59;
			productRefGroup = 2E3DCEA326E7679100149F59 /* Products */;
			projectDirPath = "";
			projectRoot = "";
			targets = (
				2E3DCEA126E7679100149F59 /* Weather */,
			);
		};
/* End PBXProject section */

/* Begin PBXResourcesBuildPhase section */
		2E3DCEA026E7679100149F59 /* Resources */ = {
			isa = PBXResourcesBuildPhase;
			buildActionMask = 2147483647;
			files = (
				2E3DCEB526E7679600149F59 /* LaunchScreen.storyboard in Resources */,
				2E866CCF26E864170048B472 /* cityList.json in Resources */,
				2E3DCEB226E7679600149F59 /* Assets.xcassets in Resources */,
				2E3DCEAD26E7679200149F59 /* Main.storyboard in Resources */,
				2E866CCD26E861DA0048B472 /* startCities.json in Resources */,
			);
			runOnlyForDeploymentPostprocessing = 0;
		};
/* End PBXResourcesBuildPhase section */

/* Begin PBXShellScriptBuildPhase section */
		030AAFC572DC0DF6A312E1F8 /* [CP] Embed Pods Frameworks */ = {
			isa = PBXShellScriptBuildPhase;
			buildActionMask = 2147483647;
			files = (
			);
			inputFileListPaths = (
				"${PODS_ROOT}/Target Support Files/Pods-Weather/Pods-Weather-frameworks-${CONFIGURATION}-input-files.xcfilelist",
			);
			name = "[CP] Embed Pods Frameworks";
			outputFileListPaths = (
				"${PODS_ROOT}/Target Support Files/Pods-Weather/Pods-Weather-frameworks-${CONFIGURATION}-output-files.xcfilelist",
			);
			runOnlyForDeploymentPostprocessing = 0;
			shellPath = /bin/sh;
			shellScript = "\"${PODS_ROOT}/Target Support Files/Pods-Weather/Pods-Weather-frameworks.sh\"\n";
			showEnvVarsInLog = 0;
		};
		790098555FA41157F1C9BBD8 /* [CP] Check Pods Manifest.lock */ = {
			isa = PBXShellScriptBuildPhase;
			buildActionMask = 2147483647;
			files = (
			);
			inputFileListPaths = (
			);
			inputPaths = (
				"${PODS_PODFILE_DIR_PATH}/Podfile.lock",
				"${PODS_ROOT}/Manifest.lock",
			);
			name = "[CP] Check Pods Manifest.lock";
			outputFileListPaths = (
			);
			outputPaths = (
				"$(DERIVED_FILE_DIR)/Pods-Weather-checkManifestLockResult.txt",
			);
			runOnlyForDeploymentPostprocessing = 0;
			shellPath = /bin/sh;
			shellScript = "diff \"${PODS_PODFILE_DIR_PATH}/Podfile.lock\" \"${PODS_ROOT}/Manifest.lock\" > /dev/null\nif [ $? != 0 ] ; then\n    # print error to STDERR\n    echo \"error: The sandbox is not in sync with the Podfile.lock. Run 'pod install' or update your CocoaPods installation.\" >&2\n    exit 1\nfi\n# This output is used by Xcode 'outputs' to avoid re-running this script phase.\necho \"SUCCESS\" > \"${SCRIPT_OUTPUT_FILE_0}\"\n";
			showEnvVarsInLog = 0;
		};
/* End PBXShellScriptBuildPhase section */

/* Begin PBXSourcesBuildPhase section */
		2E3DCE9E26E7679100149F59 /* Sources */ = {
			isa = PBXSourcesBuildPhase;
			buildActionMask = 2147483647;
			files = (
				2E866CBB26E7C0C70048B472 /* WeatherInformationGroupVersion.swift in Sources */,
				2E866CC726E8584F0048B472 /* CityInfomation.swift in Sources */,
				2E8413F526E8AB90006DB877 /* DetailViewController.swift in Sources */,
				2E3DCEC426E773FD00149F59 /* HomeWeatherViewCell.swift in Sources */,
				2E3DCECC26E7862E00149F59 /* Coord.swift in Sources */,
				2E866CBD26E7C79E0048B472 /* HomeWeatherViewController-DataSource.swift in Sources */,
				2E3DCEBD26E7686B00149F59 /* Extensions.swift in Sources */,
				2E3DCECE26E7864600149F59 /* Weather.swift in Sources */,
				2E3DCEB026E7679200149F59 /* Weather.xcdatamodeld in Sources */,
				2E866CCA26E85B7C0048B472 /* CityList.swift in Sources */,
				2E3DCED626E7868900149F59 /* Sys.swift in Sources */,
				2E8413F826E8D34F006DB877 /* DetailCollectionViewCell.swift in Sources */,
				2E3DCEC226E771B600149F59 /* HomeWeatherViewController.swift in Sources */,
				2E3DCED026E7865F00149F59 /* Main.swift in Sources */,
				2E3DCEA626E7679100149F59 /* AppDelegate.swift in Sources */,
				2E3DCEA826E7679200149F59 /* SceneDelegate.swift in Sources */,
				2E866CBF26E845340048B472 /* QueryViewController.swift in Sources */,
				2E3DCEDA26E7890500149F59 /* GroupWeatherInfomation.swift in Sources */,
				2E3DCEC726E7777500149F59 /* HomeWeatherViewController-API.swift in Sources */,
				2E3DCEC026E7691400149F59 /* Constants.swift in Sources */,
				2E8413FA26E8EED3006DB877 /* DetailWeatherModel.swift in Sources */,
				2E866CC326E84C680048B472 /* QueryTableViewCell.swift in Sources */,
				2E3DCED426E7867D00149F59 /* Clouds.swift in Sources */,
				2E3DCEC926E785B000149F59 /* WeatherInfomation.swift in Sources */,
				2E3DCED226E7866700149F59 /* Wind.swift in Sources */,
			);
			runOnlyForDeploymentPostprocessing = 0;
		};
/* End PBXSourcesBuildPhase section */

/* Begin PBXVariantGroup section */
		2E3DCEAB26E7679200149F59 /* Main.storyboard */ = {
			isa = PBXVariantGroup;
			children = (
				2E3DCEAC26E7679200149F59 /* Base */,
			);
			name = Main.storyboard;
			sourceTree = "<group>";
		};
		2E3DCEB326E7679600149F59 /* LaunchScreen.storyboard */ = {
			isa = PBXVariantGroup;
			children = (
				2E3DCEB426E7679600149F59 /* Base */,
			);
			name = LaunchScreen.storyboard;
			sourceTree = "<group>";
		};
/* End PBXVariantGroup section */

/* Begin XCBuildConfiguration section */
		2E3DCEB726E7679600149F59 /* Debug */ = {
			isa = XCBuildConfiguration;
			buildSettings = {
				ALWAYS_SEARCH_USER_PATHS = NO;
				CLANG_ANALYZER_NONNULL = YES;
				CLANG_ANALYZER_NUMBER_OBJECT_CONVERSION = YES_AGGRESSIVE;
				CLANG_CXX_LANGUAGE_STANDARD = "gnu++14";
				CLANG_CXX_LIBRARY = "libc++";
				CLANG_ENABLE_MODULES = YES;
				CLANG_ENABLE_OBJC_ARC = YES;
				CLANG_ENABLE_OBJC_WEAK = YES;
				CLANG_WARN_BLOCK_CAPTURE_AUTORELEASING = YES;
				CLANG_WARN_BOOL_CONVERSION = YES;
				CLANG_WARN_COMMA = YES;
				CLANG_WARN_CONSTANT_CONVERSION = YES;
				CLANG_WARN_DEPRECATED_OBJC_IMPLEMENTATIONS = YES;
				CLANG_WARN_DIRECT_OBJC_ISA_USAGE = YES_ERROR;
				CLANG_WARN_DOCUMENTATION_COMMENTS = YES;
				CLANG_WARN_EMPTY_BODY = YES;
				CLANG_WARN_ENUM_CONVERSION = YES;
				CLANG_WARN_INFINITE_RECURSION = YES;
				CLANG_WARN_INT_CONVERSION = YES;
				CLANG_WARN_NON_LITERAL_NULL_CONVERSION = YES;
				CLANG_WARN_OBJC_IMPLICIT_RETAIN_SELF = YES;
				CLANG_WARN_OBJC_LITERAL_CONVERSION = YES;
				CLANG_WARN_OBJC_ROOT_CLASS = YES_ERROR;
				CLANG_WARN_QUOTED_INCLUDE_IN_FRAMEWORK_HEADER = YES;
				CLANG_WARN_RANGE_LOOP_ANALYSIS = YES;
				CLANG_WARN_STRICT_PROTOTYPES = YES;
				CLANG_WARN_SUSPICIOUS_MOVE = YES;
				CLANG_WARN_UNGUARDED_AVAILABILITY = YES_AGGRESSIVE;
				CLANG_WARN_UNREACHABLE_CODE = YES;
				CLANG_WARN__DUPLICATE_METHOD_MATCH = YES;
				COPY_PHASE_STRIP = NO;
				DEBUG_INFORMATION_FORMAT = dwarf;
				ENABLE_STRICT_OBJC_MSGSEND = YES;
				ENABLE_TESTABILITY = YES;
				GCC_C_LANGUAGE_STANDARD = gnu11;
				GCC_DYNAMIC_NO_PIC = NO;
				GCC_NO_COMMON_BLOCKS = YES;
				GCC_OPTIMIZATION_LEVEL = 0;
				GCC_PREPROCESSOR_DEFINITIONS = (
					"DEBUG=1",
					"$(inherited)",
				);
				GCC_WARN_64_TO_32_BIT_CONVERSION = YES;
				GCC_WARN_ABOUT_RETURN_TYPE = YES_ERROR;
				GCC_WARN_UNDECLARED_SELECTOR = YES;
				GCC_WARN_UNINITIALIZED_AUTOS = YES_AGGRESSIVE;
				GCC_WARN_UNUSED_FUNCTION = YES;
				GCC_WARN_UNUSED_VARIABLE = YES;
				IPHONEOS_DEPLOYMENT_TARGET = 14.5;
				MTL_ENABLE_DEBUG_INFO = INCLUDE_SOURCE;
				MTL_FAST_MATH = YES;
				ONLY_ACTIVE_ARCH = YES;
				SDKROOT = iphoneos;
				SWIFT_ACTIVE_COMPILATION_CONDITIONS = DEBUG;
				SWIFT_OPTIMIZATION_LEVEL = "-Onone";
			};
			name = Debug;
		};
		2E3DCEB826E7679600149F59 /* Release */ = {
			isa = XCBuildConfiguration;
			buildSettings = {
				ALWAYS_SEARCH_USER_PATHS = NO;
				CLANG_ANALYZER_NONNULL = YES;
				CLANG_ANALYZER_NUMBER_OBJECT_CONVERSION = YES_AGGRESSIVE;
				CLANG_CXX_LANGUAGE_STANDARD = "gnu++14";
				CLANG_CXX_LIBRARY = "libc++";
				CLANG_ENABLE_MODULES = YES;
				CLANG_ENABLE_OBJC_ARC = YES;
				CLANG_ENABLE_OBJC_WEAK = YES;
				CLANG_WARN_BLOCK_CAPTURE_AUTORELEASING = YES;
				CLANG_WARN_BOOL_CONVERSION = YES;
				CLANG_WARN_COMMA = YES;
				CLANG_WARN_CONSTANT_CONVERSION = YES;
				CLANG_WARN_DEPRECATED_OBJC_IMPLEMENTATIONS = YES;
				CLANG_WARN_DIRECT_OBJC_ISA_USAGE = YES_ERROR;
				CLANG_WARN_DOCUMENTATION_COMMENTS = YES;
				CLANG_WARN_EMPTY_BODY = YES;
				CLANG_WARN_ENUM_CONVERSION = YES;
				CLANG_WARN_INFINITE_RECURSION = YES;
				CLANG_WARN_INT_CONVERSION = YES;
				CLANG_WARN_NON_LITERAL_NULL_CONVERSION = YES;
				CLANG_WARN_OBJC_IMPLICIT_RETAIN_SELF = YES;
				CLANG_WARN_OBJC_LITERAL_CONVERSION = YES;
				CLANG_WARN_OBJC_ROOT_CLASS = YES_ERROR;
				CLANG_WARN_QUOTED_INCLUDE_IN_FRAMEWORK_HEADER = YES;
				CLANG_WARN_RANGE_LOOP_ANALYSIS = YES;
				CLANG_WARN_STRICT_PROTOTYPES = YES;
				CLANG_WARN_SUSPICIOUS_MOVE = YES;
				CLANG_WARN_UNGUARDED_AVAILABILITY = YES_AGGRESSIVE;
				CLANG_WARN_UNREACHABLE_CODE = YES;
				CLANG_WARN__DUPLICATE_METHOD_MATCH = YES;
				COPY_PHASE_STRIP = NO;
				DEBUG_INFORMATION_FORMAT = "dwarf-with-dsym";
				ENABLE_NS_ASSERTIONS = NO;
				ENABLE_STRICT_OBJC_MSGSEND = YES;
				GCC_C_LANGUAGE_STANDARD = gnu11;
				GCC_NO_COMMON_BLOCKS = YES;
				GCC_WARN_64_TO_32_BIT_CONVERSION = YES;
				GCC_WARN_ABOUT_RETURN_TYPE = YES_ERROR;
				GCC_WARN_UNDECLARED_SELECTOR = YES;
				GCC_WARN_UNINITIALIZED_AUTOS = YES_AGGRESSIVE;
				GCC_WARN_UNUSED_FUNCTION = YES;
				GCC_WARN_UNUSED_VARIABLE = YES;
				IPHONEOS_DEPLOYMENT_TARGET = 14.5;
				MTL_ENABLE_DEBUG_INFO = NO;
				MTL_FAST_MATH = YES;
				SDKROOT = iphoneos;
				SWIFT_COMPILATION_MODE = wholemodule;
				SWIFT_OPTIMIZATION_LEVEL = "-O";
				VALIDATE_PRODUCT = YES;
			};
			name = Release;
		};
		2E3DCEBA26E7679600149F59 /* Debug */ = {
			isa = XCBuildConfiguration;
			baseConfigurationReference = 97B3AAC678C522BC577870D7 /* Pods-Weather.debug.xcconfig */;
			buildSettings = {
				ASSETCATALOG_COMPILER_APPICON_NAME = AppIcon;
				ASSETCATALOG_COMPILER_GLOBAL_ACCENT_COLOR_NAME = AccentColor;
				CODE_SIGN_STYLE = Automatic;
				DEVELOPMENT_TEAM = 9H359LVLVZ;
				INFOPLIST_FILE = Weather/Info.plist;
				LD_RUNPATH_SEARCH_PATHS = (
					"$(inherited)",
					"@executable_path/Frameworks",
				);
				PRODUCT_BUNDLE_IDENTIFIER = com.dylansun.Weather;
				PRODUCT_NAME = "$(TARGET_NAME)";
				SWIFT_VERSION = 5.0;
				TARGETED_DEVICE_FAMILY = "1,2";
			};
			name = Debug;
		};
		2E3DCEBB26E7679600149F59 /* Release */ = {
			isa = XCBuildConfiguration;
			baseConfigurationReference = 16C6421D9CA4701EDC9F2B2E /* Pods-Weather.release.xcconfig */;
			buildSettings = {
				ASSETCATALOG_COMPILER_APPICON_NAME = AppIcon;
				ASSETCATALOG_COMPILER_GLOBAL_ACCENT_COLOR_NAME = AccentColor;
				CODE_SIGN_STYLE = Automatic;
				DEVELOPMENT_TEAM = 9H359LVLVZ;
				INFOPLIST_FILE = Weather/Info.plist;
				LD_RUNPATH_SEARCH_PATHS = (
					"$(inherited)",
					"@executable_path/Frameworks",
				);
				PRODUCT_BUNDLE_IDENTIFIER = com.dylansun.Weather;
				PRODUCT_NAME = "$(TARGET_NAME)";
				SWIFT_VERSION = 5.0;
				TARGETED_DEVICE_FAMILY = "1,2";
			};
			name = Release;
		};
/* End XCBuildConfiguration section */

/* Begin XCConfigurationList section */
		2E3DCE9D26E7679100149F59 /* Build configuration list for PBXProject "Weather" */ = {
			isa = XCConfigurationList;
			buildConfigurations = (
				2E3DCEB726E7679600149F59 /* Debug */,
				2E3DCEB826E7679600149F59 /* Release */,
			);
			defaultConfigurationIsVisible = 0;
			defaultConfigurationName = Release;
		};
		2E3DCEB926E7679600149F59 /* Build configuration list for PBXNativeTarget "Weather" */ = {
			isa = XCConfigurationList;
			buildConfigurations = (
				2E3DCEBA26E7679600149F59 /* Debug */,
				2E3DCEBB26E7679600149F59 /* Release */,
			);
			defaultConfigurationIsVisible = 0;
			defaultConfigurationName = Release;
		};
/* End XCConfigurationList section */

/* Begin XCVersionGroup section */
		2E3DCEAE26E7679200149F59 /* Weather.xcdatamodeld */ = {
			isa = XCVersionGroup;
			children = (
				2E3DCEAF26E7679200149F59 /* Weather.xcdatamodel */,
			);
			currentVersion = 2E3DCEAF26E7679200149F59 /* Weather.xcdatamodel */;
			path = Weather.xcdatamodeld;
			sourceTree = "<group>";
			versionGroupType = wrapper.xcdatamodel;
		};
/* End XCVersionGroup section */
	};
	rootObject = 2E3DCE9A26E7679100149F59 /* Project object */;
}
